
Microsoft Visual Studio Solution File, Format Version 12.00
# Visual Studio 15
VisualStudioVersion = 15.0.27703.2000
MinimumVisualStudioVersion = 10.0.40219.1
Project("{2150E333-8FDC-42A3-9474-1A3956D46DE8}") = "Solution Items", "Solution Items", "{B358A960-356B-47CD-8E66-C275F15BF893}"
	ProjectSection(SolutionItems) = preProject
		License.txt = License.txt
		buildscripts\project_data.rb = buildscripts\project_data.rb
		buildscripts\TestAssemblyInfo.cs = buildscripts\TestAssemblyInfo.cs
	EndProjectSection
EndProject
Project("{2150E333-8FDC-42A3-9474-1A3956D46DE8}") = ".nuget", ".nuget", "{B75EDA86-907F-4D93-B23E-AF616D8791F3}"
	ProjectSection(SolutionItems) = preProject
		.nuget\NuGet.exe = .nuget\NuGet.exe
		.nuget\NuGet.targets = .nuget\NuGet.targets
	EndProjectSection
EndProject
Project("{9A19103F-16F7-4668-BE54-9A1E7A4F7556}") = "Castle.Transactions.Tests", "src\Castle.Transactions.Tests\Castle.Transactions.Tests.csproj", "{67CDFD3A-450F-4CD4-9401-EF15361E2713}"
EndProject
Project("{9A19103F-16F7-4668-BE54-9A1E7A4F7556}") = "Castle.Facilities.AutoTx", "src\Castle.Facilities.AutoTx\Castle.Facilities.AutoTx.csproj", "{C19A20DD-8F32-44EF-9B68-43C70677F92D}"
EndProject
Project("{9A19103F-16F7-4668-BE54-9A1E7A4F7556}") = "Castle.Transactions", "src\Castle.Transactions\Castle.Transactions.csproj", "{76DF5D09-FC04-411F-B123-01A6B9432796}"
EndProject
Project("{9A19103F-16F7-4668-BE54-9A1E7A4F7556}") = "Castle.Facilities.AutoTx.Tests", "src\Castle.Facilities.AutoTx.Tests\Castle.Facilities.AutoTx.Tests.csproj", "{BBDD1C0A-67E9-48C7-9A14-69CB8B158549}"
EndProject
Project("{9A19103F-16F7-4668-BE54-9A1E7A4F7556}") = "Castle.IO", "src\Castle.IO\Castle.IO.csproj", "{59637705-C235-488A-876B-E4B1A39E9BF8}"
EndProject
Project("{9A19103F-16F7-4668-BE54-9A1E7A4F7556}") = "Castle.IO.Tests", "src\Castle.IO.Tests\Castle.IO.Tests.csproj", "{87BEB55F-0F5B-4812-AD0D-B0D4A603C944}"
EndProject
Project("{9A19103F-16F7-4668-BE54-9A1E7A4F7556}") = "Castle.IO.Windsor", "src\Castle.IO.Windsor\Castle.IO.Windsor.csproj", "{7B30541F-DE66-4F77-BF44-74FA32C4E1CD}"
EndProject
Project("{9A19103F-16F7-4668-BE54-9A1E7A4F7556}") = "Castle.Transactions.IO", "src\Castle.Transactions.IO\Castle.Transactions.IO.csproj", "{CD2EEE95-769C-44A6-98AF-27A03A0F4528}"
EndProject
Project("{9A19103F-16F7-4668-BE54-9A1E7A4F7556}") = "Castle.Transactions.IO.Tests", "src\Castle.Transactions.IO.Tests\Castle.Transactions.IO.Tests.csproj", "{DDD7BBF2-9CA5-4F5A-B63A-0D32FD7E3F8B}"
EndProject
Project("{9A19103F-16F7-4668-BE54-9A1E7A4F7556}") = "Castle.Transactions.Autofac", "src\Castle.Transactions.Autofac\Castle.Transactions.Autofac.csproj", "{7F966BFF-8994-41CD-BE87-218F9F029D42}"
EndProject
Project("{9A19103F-16F7-4668-BE54-9A1E7A4F7556}") = "Castle.IO.Autofac", "src\Castle.IO.Autofac\Castle.IO.Autofac.csproj", "{24F25A56-4FEF-4772-8149-3CBC15F8CEF6}"
EndProject
Global
	GlobalSection(SolutionConfigurationPlatforms) = preSolution
		Debug|Any CPU = Debug|Any CPU
		Release|Any CPU = Release|Any CPU
	EndGlobalSection
	GlobalSection(ProjectConfigurationPlatforms) = postSolution
		{67CDFD3A-450F-4CD4-9401-EF15361E2713}.Debug|Any CPU.ActiveCfg = Debug|Any CPU
		{67CDFD3A-450F-4CD4-9401-EF15361E2713}.Debug|Any CPU.Build.0 = Debug|Any CPU
		{67CDFD3A-450F-4CD4-9401-EF15361E2713}.Release|Any CPU.ActiveCfg = Release|Any CPU
		{67CDFD3A-450F-4CD4-9401-EF15361E2713}.Release|Any CPU.Build.0 = Release|Any CPU
		{C19A20DD-8F32-44EF-9B68-43C70677F92D}.Debug|Any CPU.ActiveCfg = Debug|Any CPU
		{C19A20DD-8F32-44EF-9B68-43C70677F92D}.Debug|Any CPU.Build.0 = Debug|Any CPU
		{C19A20DD-8F32-44EF-9B68-43C70677F92D}.Release|Any CPU.ActiveCfg = Release|Any CPU
		{C19A20DD-8F32-44EF-9B68-43C70677F92D}.Release|Any CPU.Build.0 = Release|Any CPU
		{76DF5D09-FC04-411F-B123-01A6B9432796}.Debug|Any CPU.ActiveCfg = Debug|Any CPU
		{76DF5D09-FC04-411F-B123-01A6B9432796}.Debug|Any CPU.Build.0 = Debug|Any CPU
		{76DF5D09-FC04-411F-B123-01A6B9432796}.Release|Any CPU.ActiveCfg = Release|Any CPU
		{76DF5D09-FC04-411F-B123-01A6B9432796}.Release|Any CPU.Build.0 = Release|Any CPU
		{BBDD1C0A-67E9-48C7-9A14-69CB8B158549}.Debug|Any CPU.ActiveCfg = Debug|Any CPU
		{BBDD1C0A-67E9-48C7-9A14-69CB8B158549}.Debug|Any CPU.Build.0 = Debug|Any CPU
		{BBDD1C0A-67E9-48C7-9A14-69CB8B158549}.Release|Any CPU.ActiveCfg = Release|Any CPU
		{BBDD1C0A-67E9-48C7-9A14-69CB8B158549}.Release|Any CPU.Build.0 = Release|Any CPU
		{59637705-C235-488A-876B-E4B1A39E9BF8}.Debug|Any CPU.ActiveCfg = Debug|Any CPU
		{59637705-C235-488A-876B-E4B1A39E9BF8}.Debug|Any CPU.Build.0 = Debug|Any CPU
		{59637705-C235-488A-876B-E4B1A39E9BF8}.Release|Any CPU.ActiveCfg = Release|Any CPU
		{59637705-C235-488A-876B-E4B1A39E9BF8}.Release|Any CPU.Build.0 = Release|Any CPU
		{87BEB55F-0F5B-4812-AD0D-B0D4A603C944}.Debug|Any CPU.ActiveCfg = Debug|Any CPU
		{87BEB55F-0F5B-4812-AD0D-B0D4A603C944}.Debug|Any CPU.Build.0 = Debug|Any CPU
		{87BEB55F-0F5B-4812-AD0D-B0D4A603C944}.Release|Any CPU.ActiveCfg = Release|Any CPU
		{87BEB55F-0F5B-4812-AD0D-B0D4A603C944}.Release|Any CPU.Build.0 = Release|Any CPU
		{7B30541F-DE66-4F77-BF44-74FA32C4E1CD}.Debug|Any CPU.ActiveCfg = Debug|Any CPU
		{7B30541F-DE66-4F77-BF44-74FA32C4E1CD}.Debug|Any CPU.Build.0 = Debug|Any CPU
		{7B30541F-DE66-4F77-BF44-74FA32C4E1CD}.Release|Any CPU.ActiveCfg = Release|Any CPU
		{7B30541F-DE66-4F77-BF44-74FA32C4E1CD}.Release|Any CPU.Build.0 = Release|Any CPU
		{CD2EEE95-769C-44A6-98AF-27A03A0F4528}.Debug|Any CPU.ActiveCfg = Debug|Any CPU
		{CD2EEE95-769C-44A6-98AF-27A03A0F4528}.Debug|Any CPU.Build.0 = Debug|Any CPU
		{CD2EEE95-769C-44A6-98AF-27A03A0F4528}.Release|Any CPU.ActiveCfg = Release|Any CPU
		{CD2EEE95-769C-44A6-98AF-27A03A0F4528}.Release|Any CPU.Build.0 = Release|Any CPU
		{DDD7BBF2-9CA5-4F5A-B63A-0D32FD7E3F8B}.Debug|Any CPU.ActiveCfg = Debug|Any CPU
		{DDD7BBF2-9CA5-4F5A-B63A-0D32FD7E3F8B}.Debug|Any CPU.Build.0 = Debug|Any CPU
		{DDD7BBF2-9CA5-4F5A-B63A-0D32FD7E3F8B}.Release|Any CPU.ActiveCfg = Release|Any CPU
		{DDD7BBF2-9CA5-4F5A-B63A-0D32FD7E3F8B}.Release|Any CPU.Build.0 = Release|Any CPU
		{7F966BFF-8994-41CD-BE87-218F9F029D42}.Debug|Any CPU.ActiveCfg = Debug|Any CPU
		{7F966BFF-8994-41CD-BE87-218F9F029D42}.Debug|Any CPU.Build.0 = Debug|Any CPU
		{7F966BFF-8994-41CD-BE87-218F9F029D42}.Release|Any CPU.ActiveCfg = Release|Any CPU
		{7F966BFF-8994-41CD-BE87-218F9F029D42}.Release|Any CPU.Build.0 = Release|Any CPU
		{24F25A56-4FEF-4772-8149-3CBC15F8CEF6}.Debug|Any CPU.ActiveCfg = Debug|Any CPU
		{24F25A56-4FEF-4772-8149-3CBC15F8CEF6}.Debug|Any CPU.Build.0 = Debug|Any CPU
		{24F25A56-4FEF-4772-8149-3CBC15F8CEF6}.Release|Any CPU.ActiveCfg = Release|Any CPU
		{24F25A56-4FEF-4772-8149-3CBC15F8CEF6}.Release|Any CPU.Build.0 = Release|Any CPU
	EndGlobalSection
	GlobalSection(SolutionProperties) = preSolution
		HideSolutionNode = FALSE
	EndGlobalSection
	GlobalSection(ExtensibilityGlobals) = postSolution
		SolutionGuid = {C6675926-9666-4D4A-AE48-05F41DBE8908}
	EndGlobalSection
EndGlobal
